
Microsoft Visual Studio Solution File, Format Version 12.00
# Visual Studio 14
VisualStudioVersion = 14.0.25420.1
MinimumVisualStudioVersion = 10.0.40219.1
Project("{FAE04EC0-301F-11D3-BF4B-00C04F79EFBC}") = "Slider", "Slider\Slider\Slider.csproj", "{73C1A294-0462-4A20-B840-E09E92776A61}"
EndProject
Project("{FAE04EC0-301F-11D3-BF4B-00C04F79EFBC}") = "Slider.Droid", "Slider\Slider.Droid\Slider.Droid.csproj", "{F70B3615-420A-4CF4-853C-232ED3D80C59}"
EndProject
Project("{FAE04EC0-301F-11D3-BF4B-00C04F79EFBC}") = "Slider.iOS", "Slider\Slider.iOS\Slider.iOS.csproj", "{D139BAEA-348F-4EC9-85D6-0D801E311DBD}"
EndProject
Project("{FAE04EC0-301F-11D3-BF4B-00C04F79EFBC}") = "Slider.WinPhone", "Slider\Slider.WinPhone\Slider.WinPhone.csproj", "{FB267C57-2175-4471-B9AF-6D278DF11742}"
EndProject
Project("{FAE04EC0-301F-11D3-BF4B-00C04F79EFBC}") = "Slider.UWP", "Slider\Slider.UWP\Slider.UWP.csproj", "{CD49C08E-F022-4C67-AB2A-5293ABA97719}"
EndProject
Project("{FAE04EC0-301F-11D3-BF4B-00C04F79EFBC}") = "Slider.Windows", "Slider\Slider.Windows\Slider.Windows.csproj", "{2F85CE27-51EE-4288-B7E5-3F7B8FE4CF65}"
EndProject
Global
	GlobalSection(SolutionConfigurationPlatforms) = preSolution
		Ad-Hoc|Any CPU = Ad-Hoc|Any CPU
		Ad-Hoc|ARM = Ad-Hoc|ARM
		Ad-Hoc|iPhone = Ad-Hoc|iPhone
		Ad-Hoc|iPhoneSimulator = Ad-Hoc|iPhoneSimulator
		Ad-Hoc|x64 = Ad-Hoc|x64
		Ad-Hoc|x86 = Ad-Hoc|x86
		AppStore|Any CPU = AppStore|Any CPU
		AppStore|ARM = AppStore|ARM
		AppStore|iPhone = AppStore|iPhone
		AppStore|iPhoneSimulator = AppStore|iPhoneSimulator
		AppStore|x64 = AppStore|x64
		AppStore|x86 = AppStore|x86
		Debug|Any CPU = Debug|Any CPU
		Debug|ARM = Debug|ARM
		Debug|iPhone = Debug|iPhone
		Debug|iPhoneSimulator = Debug|iPhoneSimulator
		Debug|x64 = Debug|x64
		Debug|x86 = Debug|x86
		Release|Any CPU = Release|Any CPU
		Release|ARM = Release|ARM
		Release|iPhone = Release|iPhone
		Release|iPhoneSimulator = Release|iPhoneSimulator
		Release|x64 = Release|x64
		Release|x86 = Release|x86
	EndGlobalSection
	GlobalSection(ProjectConfigurationPlatforms) = postSolution
		{73C1A294-0462-4A20-B840-E09E92776A61}.Ad-Hoc|Any CPU.ActiveCfg = Release|Any CPU
		{73C1A294-0462-4A20-B840-E09E92776A61}.Ad-Hoc|Any CPU.Build.0 = Release|Any CPU
		{73C1A294-0462-4A20-B840-E09E92776A61}.Ad-Hoc|ARM.ActiveCfg = Release|Any CPU
		{73C1A294-0462-4A20-B840-E09E92776A61}.Ad-Hoc|ARM.Build.0 = Release|Any CPU
		{73C1A294-0462-4A20-B840-E09E92776A61}.Ad-Hoc|iPhone.ActiveCfg = Release|Any CPU
		{73C1A294-0462-4A20-B840-E09E92776A61}.Ad-Hoc|iPhone.Build.0 = Release|Any CPU
		{73C1A294-0462-4A20-B840-E09E92776A61}.Ad-Hoc|iPhoneSimulator.ActiveCfg = Release|Any CPU
		{73C1A294-0462-4A20-B840-E09E92776A61}.Ad-Hoc|iPhoneSimulator.Build.0 = Release|Any CPU
		{73C1A294-0462-4A20-B840-E09E92776A61}.Ad-Hoc|x64.ActiveCfg = Release|Any CPU
		{73C1A294-0462-4A20-B840-E09E92776A61}.Ad-Hoc|x64.Build.0 = Release|Any CPU
		{73C1A294-0462-4A20-B840-E09E92776A61}.Ad-Hoc|x86.ActiveCfg = Release|Any CPU
		{73C1A294-0462-4A20-B840-E09E92776A61}.Ad-Hoc|x86.Build.0 = Release|Any CPU
		{73C1A294-0462-4A20-B840-E09E92776A61}.AppStore|Any CPU.ActiveCfg = Release|Any CPU
		{73C1A294-0462-4A20-B840-E09E92776A61}.AppStore|Any CPU.Build.0 = Release|Any CPU
		{73C1A294-0462-4A20-B840-E09E92776A61}.AppStore|ARM.ActiveCfg = Release|Any CPU
		{73C1A294-0462-4A20-B840-E09E92776A61}.AppStore|ARM.Build.0 = Release|Any CPU
		{73C1A294-0462-4A20-B840-E09E92776A61}.AppStore|iPhone.ActiveCfg = Release|Any CPU
		{73C1A294-0462-4A20-B840-E09E92776A61}.AppStore|iPhone.Build.0 = Release|Any CPU
		{73C1A294-0462-4A20-B840-E09E92776A61}.AppStore|iPhoneSimulator.ActiveCfg = Release|Any CPU
		{73C1A294-0462-4A20-B840-E09E92776A61}.AppStore|iPhoneSimulator.Build.0 = Release|Any CPU
		{73C1A294-0462-4A20-B840-E09E92776A61}.AppStore|x64.ActiveCfg = Release|Any CPU
		{73C1A294-0462-4A20-B840-E09E92776A61}.AppStore|x64.Build.0 = Release|Any CPU
		{73C1A294-0462-4A20-B840-E09E92776A61}.AppStore|x86.ActiveCfg = Release|Any CPU
		{73C1A294-0462-4A20-B840-E09E92776A61}.AppStore|x86.Build.0 = Release|Any CPU
		{73C1A294-0462-4A20-B840-E09E92776A61}.Debug|Any CPU.ActiveCfg = Debug|Any CPU
		{73C1A294-0462-4A20-B840-E09E92776A61}.Debug|Any CPU.Build.0 = Debug|Any CPU
		{73C1A294-0462-4A20-B840-E09E92776A61}.Debug|ARM.ActiveCfg = Debug|Any CPU
		{73C1A294-0462-4A20-B840-E09E92776A61}.Debug|ARM.Build.0 = Debug|Any CPU
		{73C1A294-0462-4A20-B840-E09E92776A61}.Debug|iPhone.ActiveCfg = Debug|Any CPU
		{73C1A294-0462-4A20-B840-E09E92776A61}.Debug|iPhone.Build.0 = Debug|Any CPU
		{73C1A294-0462-4A20-B840-E09E92776A61}.Debug|iPhoneSimulator.ActiveCfg = Debug|Any CPU
		{73C1A294-0462-4A20-B840-E09E92776A61}.Debug|iPhoneSimulator.Build.0 = Debug|Any CPU
		{73C1A294-0462-4A20-B840-E09E92776A61}.Debug|x64.ActiveCfg = Debug|Any CPU
		{73C1A294-0462-4A20-B840-E09E92776A61}.Debug|x64.Build.0 = Debug|Any CPU
		{73C1A294-0462-4A20-B840-E09E92776A61}.Debug|x86.ActiveCfg = Debug|Any CPU
		{73C1A294-0462-4A20-B840-E09E92776A61}.Debug|x86.Build.0 = Debug|Any CPU
		{73C1A294-0462-4A20-B840-E09E92776A61}.Release|Any CPU.ActiveCfg = Release|Any CPU
		{73C1A294-0462-4A20-B840-E09E92776A61}.Release|Any CPU.Build.0 = Release|Any CPU
		{73C1A294-0462-4A20-B840-E09E92776A61}.Release|ARM.ActiveCfg = Release|Any CPU
		{73C1A294-0462-4A20-B840-E09E92776A61}.Release|ARM.Build.0 = Release|Any CPU
		{73C1A294-0462-4A20-B840-E09E92776A61}.Release|iPhone.ActiveCfg = Release|Any CPU
		{73C1A294-0462-4A20-B840-E09E92776A61}.Release|iPhone.Build.0 = Release|Any CPU
		{73C1A294-0462-4A20-B840-E09E92776A61}.Release|iPhoneSimulator.ActiveCfg = Release|Any CPU
		{73C1A294-0462-4A20-B840-E09E92776A61}.Release|iPhoneSimulator.Build.0 = Release|Any CPU
		{73C1A294-0462-4A20-B840-E09E92776A61}.Release|x64.ActiveCfg = Release|Any CPU
		{73C1A294-0462-4A20-B840-E09E92776A61}.Release|x64.Build.0 = Release|Any CPU
		{73C1A294-0462-4A20-B840-E09E92776A61}.Release|x86.ActiveCfg = Release|Any CPU
		{73C1A294-0462-4A20-B840-E09E92776A61}.Release|x86.Build.0 = Release|Any CPU
		{F70B3615-420A-4CF4-853C-232ED3D80C59}.Ad-Hoc|Any CPU.ActiveCfg = Release|Any CPU
		{F70B3615-420A-4CF4-853C-232ED3D80C59}.Ad-Hoc|Any CPU.Build.0 = Release|Any CPU
		{F70B3615-420A-4CF4-853C-232ED3D80C59}.Ad-Hoc|Any CPU.Deploy.0 = Release|Any CPU
		{F70B3615-420A-4CF4-853C-232ED3D80C59}.Ad-Hoc|ARM.ActiveCfg = Release|Any CPU
		{F70B3615-420A-4CF4-853C-232ED3D80C59}.Ad-Hoc|ARM.Build.0 = Release|Any CPU
		{F70B3615-420A-4CF4-853C-232ED3D80C59}.Ad-Hoc|ARM.Deploy.0 = Release|Any CPU
		{F70B3615-420A-4CF4-853C-232ED3D80C59}.Ad-Hoc|iPhone.ActiveCfg = Release|Any CPU
		{F70B3615-420A-4CF4-853C-232ED3D80C59}.Ad-Hoc|iPhone.Build.0 = Release|Any CPU
		{F70B3615-420A-4CF4-853C-232ED3D80C59}.Ad-Hoc|iPhone.Deploy.0 = Release|Any CPU
		{F70B3615-420A-4CF4-853C-232ED3D80C59}.Ad-Hoc|iPhoneSimulator.ActiveCfg = Release|Any CPU
		{F70B3615-420A-4CF4-853C-232ED3D80C59}.Ad-Hoc|iPhoneSimulator.Build.0 = Release|Any CPU
		{F70B3615-420A-4CF4-853C-232ED3D80C59}.Ad-Hoc|iPhoneSimulator.Deploy.0 = Release|Any CPU
		{F70B3615-420A-4CF4-853C-232ED3D80C59}.Ad-Hoc|x64.ActiveCfg = Release|Any CPU
		{F70B3615-420A-4CF4-853C-232ED3D80C59}.Ad-Hoc|x64.Build.0 = Release|Any CPU
		{F70B3615-420A-4CF4-853C-232ED3D80C59}.Ad-Hoc|x64.Deploy.0 = Release|Any CPU
		{F70B3615-420A-4CF4-853C-232ED3D80C59}.Ad-Hoc|x86.ActiveCfg = Release|Any CPU
		{F70B3615-420A-4CF4-853C-232ED3D80C59}.Ad-Hoc|x86.Build.0 = Release|Any CPU
		{F70B3615-420A-4CF4-853C-232ED3D80C59}.Ad-Hoc|x86.Deploy.0 = Release|Any CPU
		{F70B3615-420A-4CF4-853C-232ED3D80C59}.AppStore|Any CPU.ActiveCfg = Release|Any CPU
		{F70B3615-420A-4CF4-853C-232ED3D80C59}.AppStore|Any CPU.Build.0 = Release|Any CPU
		{F70B3615-420A-4CF4-853C-232ED3D80C59}.AppStore|Any CPU.Deploy.0 = Release|Any CPU
		{F70B3615-420A-4CF4-853C-232ED3D80C59}.AppStore|ARM.ActiveCfg = Release|Any CPU
		{F70B3615-420A-4CF4-853C-232ED3D80C59}.AppStore|ARM.Build.0 = Release|Any CPU
		{F70B3615-420A-4CF4-853C-232ED3D80C59}.AppStore|ARM.Deploy.0 = Release|Any CPU
		{F70B3615-420A-4CF4-853C-232ED3D80C59}.AppStore|iPhone.ActiveCfg = Release|Any CPU
		{F70B3615-420A-4CF4-853C-232ED3D80C59}.AppStore|iPhone.Build.0 = Release|Any CPU
		{F70B3615-420A-4CF4-853C-232ED3D80C59}.AppStore|iPhone.Deploy.0 = Release|Any CPU
		{F70B3615-420A-4CF4-853C-232ED3D80C59}.AppStore|iPhoneSimulator.ActiveCfg = Release|Any CPU
		{F70B3615-420A-4CF4-853C-232ED3D80C59}.AppStore|iPhoneSimulator.Build.0 = Release|Any CPU
		{F70B3615-420A-4CF4-853C-232ED3D80C59}.AppStore|iPhoneSimulator.Deploy.0 = Release|Any CPU
		{F70B3615-420A-4CF4-853C-232ED3D80C59}.AppStore|x64.ActiveCfg = Release|Any CPU
		{F70B3615-420A-4CF4-853C-232ED3D80C59}.AppStore|x64.Build.0 = Release|Any CPU
		{F70B3615-420A-4CF4-853C-232ED3D80C59}.AppStore|x64.Deploy.0 = Release|Any CPU
		{F70B3615-420A-4CF4-853C-232ED3D80C59}.AppStore|x86.ActiveCfg = Release|Any CPU
		{F70B3615-420A-4CF4-853C-232ED3D80C59}.AppStore|x86.Build.0 = Release|Any CPU
		{F70B3615-420A-4CF4-853C-232ED3D80C59}.AppStore|x86.Deploy.0 = Release|Any CPU
		{F70B3615-420A-4CF4-853C-232ED3D80C59}.Debug|Any CPU.ActiveCfg = Debug|Any CPU
		{F70B3615-420A-4CF4-853C-232ED3D80C59}.Debug|Any CPU.Build.0 = Debug|Any CPU
		{F70B3615-420A-4CF4-853C-232ED3D80C59}.Debug|Any CPU.Deploy.0 = Debug|Any CPU
		{F70B3615-420A-4CF4-853C-232ED3D80C59}.Debug|ARM.ActiveCfg = Debug|Any CPU
		{F70B3615-420A-4CF4-853C-232ED3D80C59}.Debug|ARM.Build.0 = Debug|Any CPU
		{F70B3615-420A-4CF4-853C-232ED3D80C59}.Debug|ARM.Deploy.0 = Debug|Any CPU
		{F70B3615-420A-4CF4-853C-232ED3D80C59}.Debug|iPhone.ActiveCfg = Debug|Any CPU
		{F70B3615-420A-4CF4-853C-232ED3D80C59}.Debug|iPhone.Build.0 = Debug|Any CPU
		{F70B3615-420A-4CF4-853C-232ED3D80C59}.Debug|iPhone.Deploy.0 = Debug|Any CPU
		{F70B3615-420A-4CF4-853C-232ED3D80C59}.Debug|iPhoneSimulator.ActiveCfg = Debug|Any CPU
		{F70B3615-420A-4CF4-853C-232ED3D80C59}.Debug|iPhoneSimulator.Build.0 = Debug|Any CPU
		{F70B3615-420A-4CF4-853C-232ED3D80C59}.Debug|iPhoneSimulator.Deploy.0 = Debug|Any CPU
		{F70B3615-420A-4CF4-853C-232ED3D80C59}.Debug|x64.ActiveCfg = Debug|Any CPU
		{F70B3615-420A-4CF4-853C-232ED3D80C59}.Debug|x64.Build.0 = Debug|Any CPU
		{F70B3615-420A-4CF4-853C-232ED3D80C59}.Debug|x64.Deploy.0 = Debug|Any CPU
		{F70B3615-420A-4CF4-853C-232ED3D80C59}.Debug|x86.ActiveCfg = Debug|Any CPU
		{F70B3615-420A-4CF4-853C-232ED3D80C59}.Debug|x86.Build.0 = Debug|Any CPU
		{F70B3615-420A-4CF4-853C-232ED3D80C59}.Debug|x86.Deploy.0 = Debug|Any CPU
		{F70B3615-420A-4CF4-853C-232ED3D80C59}.Release|Any CPU.ActiveCfg = Release|Any CPU
		{F70B3615-420A-4CF4-853C-232ED3D80C59}.Release|Any CPU.Build.0 = Release|Any CPU
		{F70B3615-420A-4CF4-853C-232ED3D80C59}.Release|Any CPU.Deploy.0 = Release|Any CPU
		{F70B3615-420A-4CF4-853C-232ED3D80C59}.Release|ARM.ActiveCfg = Release|Any CPU
		{F70B3615-420A-4CF4-853C-232ED3D80C59}.Release|ARM.Build.0 = Release|Any CPU
		{F70B3615-420A-4CF4-853C-232ED3D80C59}.Release|ARM.Deploy.0 = Release|Any CPU
		{F70B3615-420A-4CF4-853C-232ED3D80C59}.Release|iPhone.ActiveCfg = Release|Any CPU
		{F70B3615-420A-4CF4-853C-232ED3D80C59}.Release|iPhone.Build.0 = Release|Any CPU
		{F70B3615-420A-4CF4-853C-232ED3D80C59}.Release|iPhone.Deploy.0 = Release|Any CPU
		{F70B3615-420A-4CF4-853C-232ED3D80C59}.Release|iPhoneSimulator.ActiveCfg = Release|Any CPU
		{F70B3615-420A-4CF4-853C-232ED3D80C59}.Release|iPhoneSimulator.Build.0 = Release|Any CPU
		{F70B3615-420A-4CF4-853C-232ED3D80C59}.Release|iPhoneSimulator.Deploy.0 = Release|Any CPU
		{F70B3615-420A-4CF4-853C-232ED3D80C59}.Release|x64.ActiveCfg = Release|Any CPU
		{F70B3615-420A-4CF4-853C-232ED3D80C59}.Release|x64.Build.0 = Release|Any CPU
		{F70B3615-420A-4CF4-853C-232ED3D80C59}.Release|x64.Deploy.0 = Release|Any CPU
		{F70B3615-420A-4CF4-853C-232ED3D80C59}.Release|x86.ActiveCfg = Release|Any CPU
		{F70B3615-420A-4CF4-853C-232ED3D80C59}.Release|x86.Build.0 = Release|Any CPU
		{F70B3615-420A-4CF4-853C-232ED3D80C59}.Release|x86.Deploy.0 = Release|Any CPU
		{D139BAEA-348F-4EC9-85D6-0D801E311DBD}.Ad-Hoc|Any CPU.ActiveCfg = Ad-Hoc|iPhone
		{D139BAEA-348F-4EC9-85D6-0D801E311DBD}.Ad-Hoc|ARM.ActiveCfg = Ad-Hoc|iPhone
		{D139BAEA-348F-4EC9-85D6-0D801E311DBD}.Ad-Hoc|iPhone.ActiveCfg = Ad-Hoc|iPhone
		{D139BAEA-348F-4EC9-85D6-0D801E311DBD}.Ad-Hoc|iPhone.Build.0 = Ad-Hoc|iPhone
		{D139BAEA-348F-4EC9-85D6-0D801E311DBD}.Ad-Hoc|iPhoneSimulator.ActiveCfg = Ad-Hoc|iPhoneSimulator
		{D139BAEA-348F-4EC9-85D6-0D801E311DBD}.Ad-Hoc|iPhoneSimulator.Build.0 = Ad-Hoc|iPhoneSimulator
		{D139BAEA-348F-4EC9-85D6-0D801E311DBD}.Ad-Hoc|x64.ActiveCfg = Ad-Hoc|iPhone
		{D139BAEA-348F-4EC9-85D6-0D801E311DBD}.Ad-Hoc|x86.ActiveCfg = Ad-Hoc|iPhone
		{D139BAEA-348F-4EC9-85D6-0D801E311DBD}.AppStore|Any CPU.ActiveCfg = AppStore|iPhone
		{D139BAEA-348F-4EC9-85D6-0D801E311DBD}.AppStore|ARM.ActiveCfg = AppStore|iPhone
		{D139BAEA-348F-4EC9-85D6-0D801E311DBD}.AppStore|iPhone.ActiveCfg = AppStore|iPhone
		{D139BAEA-348F-4EC9-85D6-0D801E311DBD}.AppStore|iPhone.Build.0 = AppStore|iPhone
		{D139BAEA-348F-4EC9-85D6-0D801E311DBD}.AppStore|iPhoneSimulator.ActiveCfg = AppStore|iPhoneSimulator
		{D139BAEA-348F-4EC9-85D6-0D801E311DBD}.AppStore|iPhoneSimulator.Build.0 = AppStore|iPhoneSimulator
		{D139BAEA-348F-4EC9-85D6-0D801E311DBD}.AppStore|x64.ActiveCfg = AppStore|iPhone
		{D139BAEA-348F-4EC9-85D6-0D801E311DBD}.AppStore|x86.ActiveCfg = AppStore|iPhone
		{D139BAEA-348F-4EC9-85D6-0D801E311DBD}.Debug|Any CPU.ActiveCfg = Debug|iPhone
		{D139BAEA-348F-4EC9-85D6-0D801E311DBD}.Debug|ARM.ActiveCfg = Debug|iPhone
		{D139BAEA-348F-4EC9-85D6-0D801E311DBD}.Debug|iPhone.ActiveCfg = Debug|iPhone
		{D139BAEA-348F-4EC9-85D6-0D801E311DBD}.Debug|iPhone.Build.0 = Debug|iPhone
		{D139BAEA-348F-4EC9-85D6-0D801E311DBD}.Debug|iPhoneSimulator.ActiveCfg = Debug|iPhoneSimulator
		{D139BAEA-348F-4EC9-85D6-0D801E311DBD}.Debug|iPhoneSimulator.Build.0 = Debug|iPhoneSimulator
		{D139BAEA-348F-4EC9-85D6-0D801E311DBD}.Debug|x64.ActiveCfg = Debug|iPhone
		{D139BAEA-348F-4EC9-85D6-0D801E311DBD}.Debug|x86.ActiveCfg = Debug|iPhone
		{D139BAEA-348F-4EC9-85D6-0D801E311DBD}.Release|Any CPU.ActiveCfg = Release|iPhone
		{D139BAEA-348F-4EC9-85D6-0D801E311DBD}.Release|ARM.ActiveCfg = Release|iPhone
		{D139BAEA-348F-4EC9-85D6-0D801E311DBD}.Release|iPhone.ActiveCfg = Release|iPhone
		{D139BAEA-348F-4EC9-85D6-0D801E311DBD}.Release|iPhone.Build.0 = Release|iPhone
		{D139BAEA-348F-4EC9-85D6-0D801E311DBD}.Release|iPhoneSimulator.ActiveCfg = Release|iPhoneSimulator
		{D139BAEA-348F-4EC9-85D6-0D801E311DBD}.Release|iPhoneSimulator.Build.0 = Release|iPhoneSimulator
		{D139BAEA-348F-4EC9-85D6-0D801E311DBD}.Release|x64.ActiveCfg = Release|iPhone
		{D139BAEA-348F-4EC9-85D6-0D801E311DBD}.Release|x86.ActiveCfg = Release|iPhone
		{FB267C57-2175-4471-B9AF-6D278DF11742}.Ad-Hoc|Any CPU.ActiveCfg = Release|Any CPU
		{FB267C57-2175-4471-B9AF-6D278DF11742}.Ad-Hoc|Any CPU.Build.0 = Release|Any CPU
		{FB267C57-2175-4471-B9AF-6D278DF11742}.Ad-Hoc|Any CPU.Deploy.0 = Release|Any CPU
		{FB267C57-2175-4471-B9AF-6D278DF11742}.Ad-Hoc|ARM.ActiveCfg = Release|ARM
		{FB267C57-2175-4471-B9AF-6D278DF11742}.Ad-Hoc|ARM.Build.0 = Release|ARM
		{FB267C57-2175-4471-B9AF-6D278DF11742}.Ad-Hoc|ARM.Deploy.0 = Release|ARM
		{FB267C57-2175-4471-B9AF-6D278DF11742}.Ad-Hoc|iPhone.ActiveCfg = Release|Any CPU
		{FB267C57-2175-4471-B9AF-6D278DF11742}.Ad-Hoc|iPhone.Build.0 = Release|Any CPU
		{FB267C57-2175-4471-B9AF-6D278DF11742}.Ad-Hoc|iPhone.Deploy.0 = Release|Any CPU
		{FB267C57-2175-4471-B9AF-6D278DF11742}.Ad-Hoc|iPhoneSimulator.ActiveCfg = Release|Any CPU
		{FB267C57-2175-4471-B9AF-6D278DF11742}.Ad-Hoc|iPhoneSimulator.Build.0 = Release|Any CPU
		{FB267C57-2175-4471-B9AF-6D278DF11742}.Ad-Hoc|iPhoneSimulator.Deploy.0 = Release|Any CPU
		{FB267C57-2175-4471-B9AF-6D278DF11742}.Ad-Hoc|x64.ActiveCfg = Release|Any CPU
		{FB267C57-2175-4471-B9AF-6D278DF11742}.Ad-Hoc|x64.Build.0 = Release|Any CPU
		{FB267C57-2175-4471-B9AF-6D278DF11742}.Ad-Hoc|x64.Deploy.0 = Release|Any CPU
		{FB267C57-2175-4471-B9AF-6D278DF11742}.Ad-Hoc|x86.ActiveCfg = Release|x86
		{FB267C57-2175-4471-B9AF-6D278DF11742}.Ad-Hoc|x86.Build.0 = Release|x86
		{FB267C57-2175-4471-B9AF-6D278DF11742}.Ad-Hoc|x86.Deploy.0 = Release|x86
		{FB267C57-2175-4471-B9AF-6D278DF11742}.AppStore|Any CPU.ActiveCfg = Release|Any CPU
		{FB267C57-2175-4471-B9AF-6D278DF11742}.AppStore|Any CPU.Build.0 = Release|Any CPU
		{FB267C57-2175-4471-B9AF-6D278DF11742}.AppStore|Any CPU.Deploy.0 = Release|Any CPU
		{FB267C57-2175-4471-B9AF-6D278DF11742}.AppStore|ARM.ActiveCfg = Release|ARM
		{FB267C57-2175-4471-B9AF-6D278DF11742}.AppStore|ARM.Build.0 = Release|ARM
		{FB267C57-2175-4471-B9AF-6D278DF11742}.AppStore|ARM.Deploy.0 = Release|ARM
		{FB267C57-2175-4471-B9AF-6D278DF11742}.AppStore|iPhone.ActiveCfg = Release|Any CPU
		{FB267C57-2175-4471-B9AF-6D278DF11742}.AppStore|iPhone.Build.0 = Release|Any CPU
		{FB267C57-2175-4471-B9AF-6D278DF11742}.AppStore|iPhone.Deploy.0 = Release|Any CPU
		{FB267C57-2175-4471-B9AF-6D278DF11742}.AppStore|iPhoneSimulator.ActiveCfg = Release|Any CPU
		{FB267C57-2175-4471-B9AF-6D278DF11742}.AppStore|iPhoneSimulator.Build.0 = Release|Any CPU
		{FB267C57-2175-4471-B9AF-6D278DF11742}.AppStore|iPhoneSimulator.Deploy.0 = Release|Any CPU
		{FB267C57-2175-4471-B9AF-6D278DF11742}.AppStore|x64.ActiveCfg = Release|Any CPU
		{FB267C57-2175-4471-B9AF-6D278DF11742}.AppStore|x64.Build.0 = Release|Any CPU
		{FB267C57-2175-4471-B9AF-6D278DF11742}.AppStore|x64.Deploy.0 = Release|Any CPU
		{FB267C57-2175-4471-B9AF-6D278DF11742}.AppStore|x86.ActiveCfg = Release|x86
		{FB267C57-2175-4471-B9AF-6D278DF11742}.AppStore|x86.Build.0 = Release|x86
		{FB267C57-2175-4471-B9AF-6D278DF11742}.AppStore|x86.Deploy.0 = Release|x86
		{FB267C57-2175-4471-B9AF-6D278DF11742}.Debug|Any CPU.ActiveCfg = Debug|Any CPU
		{FB267C57-2175-4471-B9AF-6D278DF11742}.Debug|Any CPU.Build.0 = Debug|Any CPU
		{FB267C57-2175-4471-B9AF-6D278DF11742}.Debug|Any CPU.Deploy.0 = Debug|Any CPU
		{FB267C57-2175-4471-B9AF-6D278DF11742}.Debug|ARM.ActiveCfg = Debug|ARM
		{FB267C57-2175-4471-B9AF-6D278DF11742}.Debug|ARM.Build.0 = Debug|ARM
		{FB267C57-2175-4471-B9AF-6D278DF11742}.Debug|ARM.Deploy.0 = Debug|ARM
		{FB267C57-2175-4471-B9AF-6D278DF11742}.Debug|iPhone.ActiveCfg = Debug|Any CPU
		{FB267C57-2175-4471-B9AF-6D278DF11742}.Debug|iPhone.Build.0 = Debug|Any CPU
		{FB267C57-2175-4471-B9AF-6D278DF11742}.Debug|iPhone.Deploy.0 = Debug|Any CPU
		{FB267C57-2175-4471-B9AF-6D278DF11742}.Debug|iPhoneSimulator.ActiveCfg = Debug|Any CPU
		{FB267C57-2175-4471-B9AF-6D278DF11742}.Debug|iPhoneSimulator.Build.0 = Debug|Any CPU
		{FB267C57-2175-4471-B9AF-6D278DF11742}.Debug|iPhoneSimulator.Deploy.0 = Debug|Any CPU
		{FB267C57-2175-4471-B9AF-6D278DF11742}.Debug|x64.ActiveCfg = Debug|Any CPU
		{FB267C57-2175-4471-B9AF-6D278DF11742}.Debug|x64.Build.0 = Debug|Any CPU
		{FB267C57-2175-4471-B9AF-6D278DF11742}.Debug|x64.Deploy.0 = Debug|Any CPU
		{FB267C57-2175-4471-B9AF-6D278DF11742}.Debug|x86.ActiveCfg = Debug|x86
		{FB267C57-2175-4471-B9AF-6D278DF11742}.Debug|x86.Build.0 = Debug|x86
		{FB267C57-2175-4471-B9AF-6D278DF11742}.Debug|x86.Deploy.0 = Debug|x86
		{FB267C57-2175-4471-B9AF-6D278DF11742}.Release|Any CPU.ActiveCfg = Release|Any CPU
		{FB267C57-2175-4471-B9AF-6D278DF11742}.Release|Any CPU.Build.0 = Release|Any CPU
		{FB267C57-2175-4471-B9AF-6D278DF11742}.Release|Any CPU.Deploy.0 = Release|Any CPU
		{FB267C57-2175-4471-B9AF-6D278DF11742}.Release|ARM.ActiveCfg = Release|ARM
		{FB267C57-2175-4471-B9AF-6D278DF11742}.Release|ARM.Build.0 = Release|ARM
		{FB267C57-2175-4471-B9AF-6D278DF11742}.Release|ARM.Deploy.0 = Release|ARM
		{FB267C57-2175-4471-B9AF-6D278DF11742}.Release|iPhone.ActiveCfg = Release|Any CPU
		{FB267C57-2175-4471-B9AF-6D278DF11742}.Release|iPhone.Build.0 = Release|Any CPU
		{FB267C57-2175-4471-B9AF-6D278DF11742}.Release|iPhone.Deploy.0 = Release|Any CPU
		{FB267C57-2175-4471-B9AF-6D278DF11742}.Release|iPhoneSimulator.ActiveCfg = Release|Any CPU
		{FB267C57-2175-4471-B9AF-6D278DF11742}.Release|iPhoneSimulator.Build.0 = Release|Any CPU
		{FB267C57-2175-4471-B9AF-6D278DF11742}.Release|iPhoneSimulator.Deploy.0 = Release|Any CPU
		{FB267C57-2175-4471-B9AF-6D278DF11742}.Release|x64.ActiveCfg = Release|Any CPU
		{FB267C57-2175-4471-B9AF-6D278DF11742}.Release|x64.Build.0 = Release|Any CPU
		{FB267C57-2175-4471-B9AF-6D278DF11742}.Release|x64.Deploy.0 = Release|Any CPU
		{FB267C57-2175-4471-B9AF-6D278DF11742}.Release|x86.ActiveCfg = Release|x86
		{FB267C57-2175-4471-B9AF-6D278DF11742}.Release|x86.Build.0 = Release|x86
		{FB267C57-2175-4471-B9AF-6D278DF11742}.Release|x86.Deploy.0 = Release|x86
		{CD49C08E-F022-4C67-AB2A-5293ABA97719}.Ad-Hoc|Any CPU.ActiveCfg = Release|x86
		{CD49C08E-F022-4C67-AB2A-5293ABA97719}.Ad-Hoc|Any CPU.Build.0 = Release|x86
		{CD49C08E-F022-4C67-AB2A-5293ABA97719}.Ad-Hoc|Any CPU.Deploy.0 = Release|x86
		{CD49C08E-F022-4C67-AB2A-5293ABA97719}.Ad-Hoc|ARM.ActiveCfg = Release|ARM
		{CD49C08E-F022-4C67-AB2A-5293ABA97719}.Ad-Hoc|ARM.Build.0 = Release|ARM
		{CD49C08E-F022-4C67-AB2A-5293ABA97719}.Ad-Hoc|ARM.Deploy.0 = Release|ARM
		{CD49C08E-F022-4C67-AB2A-5293ABA97719}.Ad-Hoc|iPhone.ActiveCfg = Release|x86
		{CD49C08E-F022-4C67-AB2A-5293ABA97719}.Ad-Hoc|iPhone.Build.0 = Release|x86
		{CD49C08E-F022-4C67-AB2A-5293ABA97719}.Ad-Hoc|iPhone.Deploy.0 = Release|x86
		{CD49C08E-F022-4C67-AB2A-5293ABA97719}.Ad-Hoc|iPhoneSimulator.ActiveCfg = Release|x86
		{CD49C08E-F022-4C67-AB2A-5293ABA97719}.Ad-Hoc|iPhoneSimulator.Build.0 = Release|x86
		{CD49C08E-F022-4C67-AB2A-5293ABA97719}.Ad-Hoc|iPhoneSimulator.Deploy.0 = Release|x86
		{CD49C08E-F022-4C67-AB2A-5293ABA97719}.Ad-Hoc|x64.ActiveCfg = Release|x64
		{CD49C08E-F022-4C67-AB2A-5293ABA97719}.Ad-Hoc|x64.Build.0 = Release|x64
		{CD49C08E-F022-4C67-AB2A-5293ABA97719}.Ad-Hoc|x64.Deploy.0 = Release|x64
		{CD49C08E-F022-4C67-AB2A-5293ABA97719}.Ad-Hoc|x86.ActiveCfg = Release|x86
		{CD49C08E-F022-4C67-AB2A-5293ABA97719}.Ad-Hoc|x86.Build.0 = Release|x86
		{CD49C08E-F022-4C67-AB2A-5293ABA97719}.Ad-Hoc|x86.Deploy.0 = Release|x86
		{CD49C08E-F022-4C67-AB2A-5293ABA97719}.AppStore|Any CPU.ActiveCfg = Release|x86
		{CD49C08E-F022-4C67-AB2A-5293ABA97719}.AppStore|Any CPU.Build.0 = Release|x86
		{CD49C08E-F022-4C67-AB2A-5293ABA97719}.AppStore|Any CPU.Deploy.0 = Release|x86
		{CD49C08E-F022-4C67-AB2A-5293ABA97719}.AppStore|ARM.ActiveCfg = Release|ARM
		{CD49C08E-F022-4C67-AB2A-5293ABA97719}.AppStore|ARM.Build.0 = Release|ARM
		{CD49C08E-F022-4C67-AB2A-5293ABA97719}.AppStore|ARM.Deploy.0 = Release|ARM
		{CD49C08E-F022-4C67-AB2A-5293ABA97719}.AppStore|iPhone.ActiveCfg = Release|x86
		{CD49C08E-F022-4C67-AB2A-5293ABA97719}.AppStore|iPhone.Build.0 = Release|x86
		{CD49C08E-F022-4C67-AB2A-5293ABA97719}.AppStore|iPhone.Deploy.0 = Release|x86
		{CD49C08E-F022-4C67-AB2A-5293ABA97719}.AppStore|iPhoneSimulator.ActiveCfg = Release|x86
		{CD49C08E-F022-4C67-AB2A-5293ABA97719}.AppStore|iPhoneSimulator.Build.0 = Release|x86
		{CD49C08E-F022-4C67-AB2A-5293ABA97719}.AppStore|iPhoneSimulator.Deploy.0 = Release|x86
		{CD49C08E-F022-4C67-AB2A-5293ABA97719}.AppStore|x64.ActiveCfg = Release|x64
		{CD49C08E-F022-4C67-AB2A-5293ABA97719}.AppStore|x64.Build.0 = Release|x64
		{CD49C08E-F022-4C67-AB2A-5293ABA97719}.AppStore|x64.Deploy.0 = Release|x64
		{CD49C08E-F022-4C67-AB2A-5293ABA97719}.AppStore|x86.ActiveCfg = Release|x86
		{CD49C08E-F022-4C67-AB2A-5293ABA97719}.AppStore|x86.Build.0 = Release|x86
		{CD49C08E-F022-4C67-AB2A-5293ABA97719}.AppStore|x86.Deploy.0 = Release|x86
		{CD49C08E-F022-4C67-AB2A-5293ABA97719}.Debug|Any CPU.ActiveCfg = Debug|x86
		{CD49C08E-F022-4C67-AB2A-5293ABA97719}.Debug|ARM.ActiveCfg = Debug|ARM
		{CD49C08E-F022-4C67-AB2A-5293ABA97719}.Debug|ARM.Build.0 = Debug|ARM
		{CD49C08E-F022-4C67-AB2A-5293ABA97719}.Debug|ARM.Deploy.0 = Debug|ARM
		{CD49C08E-F022-4C67-AB2A-5293ABA97719}.Debug|iPhone.ActiveCfg = Debug|x86
		{CD49C08E-F022-4C67-AB2A-5293ABA97719}.Debug|iPhoneSimulator.ActiveCfg = Debug|x86
		{CD49C08E-F022-4C67-AB2A-5293ABA97719}.Debug|x64.ActiveCfg = Debug|x64
		{CD49C08E-F022-4C67-AB2A-5293ABA97719}.Debug|x64.Build.0 = Debug|x64
		{CD49C08E-F022-4C67-AB2A-5293ABA97719}.Debug|x64.Deploy.0 = Debug|x64
		{CD49C08E-F022-4C67-AB2A-5293ABA97719}.Debug|x86.ActiveCfg = Debug|x86
		{CD49C08E-F022-4C67-AB2A-5293ABA97719}.Debug|x86.Build.0 = Debug|x86
		{CD49C08E-F022-4C67-AB2A-5293ABA97719}.Debug|x86.Deploy.0 = Debug|x86
		{CD49C08E-F022-4C67-AB2A-5293ABA97719}.Release|Any CPU.ActiveCfg = Release|x86
		{CD49C08E-F022-4C67-AB2A-5293ABA97719}.Release|ARM.ActiveCfg = Release|ARM
		{CD49C08E-F022-4C67-AB2A-5293ABA97719}.Release|ARM.Build.0 = Release|ARM
		{CD49C08E-F022-4C67-AB2A-5293ABA97719}.Release|ARM.Deploy.0 = Release|ARM
		{CD49C08E-F022-4C67-AB2A-5293ABA97719}.Release|iPhone.ActiveCfg = Release|x86
		{CD49C08E-F022-4C67-AB2A-5293ABA97719}.Release|iPhoneSimulator.ActiveCfg = Release|x86
		{CD49C08E-F022-4C67-AB2A-5293ABA97719}.Release|x64.ActiveCfg = Release|x64
		{CD49C08E-F022-4C67-AB2A-5293ABA97719}.Release|x64.Build.0 = Release|x64
		{CD49C08E-F022-4C67-AB2A-5293ABA97719}.Release|x64.Deploy.0 = Release|x64
		{CD49C08E-F022-4C67-AB2A-5293ABA97719}.Release|x86.ActiveCfg = Release|x86
		{CD49C08E-F022-4C67-AB2A-5293ABA97719}.Release|x86.Build.0 = Release|x86
		{CD49C08E-F022-4C67-AB2A-5293ABA97719}.Release|x86.Deploy.0 = Release|x86
		{2F85CE27-51EE-4288-B7E5-3F7B8FE4CF65}.Ad-Hoc|Any CPU.ActiveCfg = Release|Any CPU
		{2F85CE27-51EE-4288-B7E5-3F7B8FE4CF65}.Ad-Hoc|Any CPU.Build.0 = Release|Any CPU
		{2F85CE27-51EE-4288-B7E5-3F7B8FE4CF65}.Ad-Hoc|Any CPU.Deploy.0 = Release|Any CPU
		{2F85CE27-51EE-4288-B7E5-3F7B8FE4CF65}.Ad-Hoc|ARM.ActiveCfg = Release|ARM
		{2F85CE27-51EE-4288-B7E5-3F7B8FE4CF65}.Ad-Hoc|ARM.Build.0 = Release|ARM
		{2F85CE27-51EE-4288-B7E5-3F7B8FE4CF65}.Ad-Hoc|ARM.Deploy.0 = Release|ARM
		{2F85CE27-51EE-4288-B7E5-3F7B8FE4CF65}.Ad-Hoc|iPhone.ActiveCfg = Release|Any CPU
		{2F85CE27-51EE-4288-B7E5-3F7B8FE4CF65}.Ad-Hoc|iPhone.Build.0 = Release|Any CPU
		{2F85CE27-51EE-4288-B7E5-3F7B8FE4CF65}.Ad-Hoc|iPhone.Deploy.0 = Release|Any CPU
		{2F85CE27-51EE-4288-B7E5-3F7B8FE4CF65}.Ad-Hoc|iPhoneSimulator.ActiveCfg = Release|Any CPU
		{2F85CE27-51EE-4288-B7E5-3F7B8FE4CF65}.Ad-Hoc|iPhoneSimulator.Build.0 = Release|Any CPU
		{2F85CE27-51EE-4288-B7E5-3F7B8FE4CF65}.Ad-Hoc|iPhoneSimulator.Deploy.0 = Release|Any CPU
		{2F85CE27-51EE-4288-B7E5-3F7B8FE4CF65}.Ad-Hoc|x64.ActiveCfg = Release|x64
		{2F85CE27-51EE-4288-B7E5-3F7B8FE4CF65}.Ad-Hoc|x64.Build.0 = Release|x64
		{2F85CE27-51EE-4288-B7E5-3F7B8FE4CF65}.Ad-Hoc|x64.Deploy.0 = Release|x64
		{2F85CE27-51EE-4288-B7E5-3F7B8FE4CF65}.Ad-Hoc|x86.ActiveCfg = Release|x86
		{2F85CE27-51EE-4288-B7E5-3F7B8FE4CF65}.Ad-Hoc|x86.Build.0 = Release|x86
		{2F85CE27-51EE-4288-B7E5-3F7B8FE4CF65}.Ad-Hoc|x86.Deploy.0 = Release|x86
		{2F85CE27-51EE-4288-B7E5-3F7B8FE4CF65}.AppStore|Any CPU.ActiveCfg = Release|Any CPU
		{2F85CE27-51EE-4288-B7E5-3F7B8FE4CF65}.AppStore|Any CPU.Build.0 = Release|Any CPU
		{2F85CE27-51EE-4288-B7E5-3F7B8FE4CF65}.AppStore|Any CPU.Deploy.0 = Release|Any CPU
		{2F85CE27-51EE-4288-B7E5-3F7B8FE4CF65}.AppStore|ARM.ActiveCfg = Release|ARM
		{2F85CE27-51EE-4288-B7E5-3F7B8FE4CF65}.AppStore|ARM.Build.0 = Release|ARM
		{2F85CE27-51EE-4288-B7E5-3F7B8FE4CF65}.AppStore|ARM.Deploy.0 = Release|ARM
		{2F85CE27-51EE-4288-B7E5-3F7B8FE4CF65}.AppStore|iPhone.ActiveCfg = Release|Any CPU
		{2F85CE27-51EE-4288-B7E5-3F7B8FE4CF65}.AppStore|iPhone.Build.0 = Release|Any CPU
		{2F85CE27-51EE-4288-B7E5-3F7B8FE4CF65}.AppStore|iPhone.Deploy.0 = Release|Any CPU
		{2F85CE27-51EE-4288-B7E5-3F7B8FE4CF65}.AppStore|iPhoneSimulator.ActiveCfg = Release|Any CPU
		{2F85CE27-51EE-4288-B7E5-3F7B8FE4CF65}.AppStore|iPhoneSimulator.Build.0 = Release|Any CPU
		{2F85CE27-51EE-4288-B7E5-3F7B8FE4CF65}.AppStore|iPhoneSimulator.Deploy.0 = Release|Any CPU
		{2F85CE27-51EE-4288-B7E5-3F7B8FE4CF65}.AppStore|x64.ActiveCfg = Release|x64
		{2F85CE27-51EE-4288-B7E5-3F7B8FE4CF65}.AppStore|x64.Build.0 = Release|x64
		{2F85CE27-51EE-4288-B7E5-3F7B8FE4CF65}.AppStore|x64.Deploy.0 = Release|x64
		{2F85CE27-51EE-4288-B7E5-3F7B8FE4CF65}.AppStore|x86.ActiveCfg = Release|x86
		{2F85CE27-51EE-4288-B7E5-3F7B8FE4CF65}.AppStore|x86.Build.0 = Release|x86
		{2F85CE27-51EE-4288-B7E5-3F7B8FE4CF65}.AppStore|x86.Deploy.0 = Release|x86
		{2F85CE27-51EE-4288-B7E5-3F7B8FE4CF65}.Debug|Any CPU.ActiveCfg = Debug|Any CPU
		{2F85CE27-51EE-4288-B7E5-3F7B8FE4CF65}.Debug|Any CPU.Build.0 = Debug|Any CPU
		{2F85CE27-51EE-4288-B7E5-3F7B8FE4CF65}.Debug|Any CPU.Deploy.0 = Debug|Any CPU
		{2F85CE27-51EE-4288-B7E5-3F7B8FE4CF65}.Debug|ARM.ActiveCfg = Debug|ARM
		{2F85CE27-51EE-4288-B7E5-3F7B8FE4CF65}.Debug|ARM.Build.0 = Debug|ARM
		{2F85CE27-51EE-4288-B7E5-3F7B8FE4CF65}.Debug|ARM.Deploy.0 = Debug|ARM
		{2F85CE27-51EE-4288-B7E5-3F7B8FE4CF65}.Debug|iPhone.ActiveCfg = Debug|Any CPU
		{2F85CE27-51EE-4288-B7E5-3F7B8FE4CF65}.Debug|iPhone.Build.0 = Debug|Any CPU
		{2F85CE27-51EE-4288-B7E5-3F7B8FE4CF65}.Debug|iPhone.Deploy.0 = Debug|Any CPU
		{2F85CE27-51EE-4288-B7E5-3F7B8FE4CF65}.Debug|iPhoneSimulator.ActiveCfg = Debug|Any CPU
		{2F85CE27-51EE-4288-B7E5-3F7B8FE4CF65}.Debug|iPhoneSimulator.Build.0 = Debug|Any CPU
		{2F85CE27-51EE-4288-B7E5-3F7B8FE4CF65}.Debug|iPhoneSimulator.Deploy.0 = Debug|Any CPU
		{2F85CE27-51EE-4288-B7E5-3F7B8FE4CF65}.Debug|x64.ActiveCfg = Debug|x64
		{2F85CE27-51EE-4288-B7E5-3F7B8FE4CF65}.Debug|x64.Build.0 = Debug|x64
		{2F85CE27-51EE-4288-B7E5-3F7B8FE4CF65}.Debug|x64.Deploy.0 = Debug|x64
		{2F85CE27-51EE-4288-B7E5-3F7B8FE4CF65}.Debug|x86.ActiveCfg = Debug|x86
		{2F85CE27-51EE-4288-B7E5-3F7B8FE4CF65}.Debug|x86.Build.0 = Debug|x86
		{2F85CE27-51EE-4288-B7E5-3F7B8FE4CF65}.Debug|x86.Deploy.0 = Debug|x86
		{2F85CE27-51EE-4288-B7E5-3F7B8FE4CF65}.Release|Any CPU.ActiveCfg = Release|Any CPU
		{2F85CE27-51EE-4288-B7E5-3F7B8FE4CF65}.Release|Any CPU.Build.0 = Release|Any CPU
		{2F85CE27-51EE-4288-B7E5-3F7B8FE4CF65}.Release|Any CPU.Deploy.0 = Release|Any CPU
		{2F85CE27-51EE-4288-B7E5-3F7B8FE4CF65}.Release|ARM.ActiveCfg = Release|ARM
		{2F85CE27-51EE-4288-B7E5-3F7B8FE4CF65}.Release|ARM.Build.0 = Release|ARM
		{2F85CE27-51EE-4288-B7E5-3F7B8FE4CF65}.Release|ARM.Deploy.0 = Release|ARM
		{2F85CE27-51EE-4288-B7E5-3F7B8FE4CF65}.Release|iPhone.ActiveCfg = Release|Any CPU
		{2F85CE27-51EE-4288-B7E5-3F7B8FE4CF65}.Release|iPhone.Build.0 = Release|Any CPU
		{2F85CE27-51EE-4288-B7E5-3F7B8FE4CF65}.Release|iPhone.Deploy.0 = Release|Any CPU
		{2F85CE27-51EE-4288-B7E5-3F7B8FE4CF65}.Release|iPhoneSimulator.ActiveCfg = Release|Any CPU
		{2F85CE27-51EE-4288-B7E5-3F7B8FE4CF65}.Release|iPhoneSimulator.Build.0 = Release|Any CPU
		{2F85CE27-51EE-4288-B7E5-3F7B8FE4CF65}.Release|iPhoneSimulator.Deploy.0 = Release|Any CPU
		{2F85CE27-51EE-4288-B7E5-3F7B8FE4CF65}.Release|x64.ActiveCfg = Release|x64
		{2F85CE27-51EE-4288-B7E5-3F7B8FE4CF65}.Release|x64.Build.0 = Release|x64
		{2F85CE27-51EE-4288-B7E5-3F7B8FE4CF65}.Release|x64.Deploy.0 = Release|x64
		{2F85CE27-51EE-4288-B7E5-3F7B8FE4CF65}.Release|x86.ActiveCfg = Release|x86
		{2F85CE27-51EE-4288-B7E5-3F7B8FE4CF65}.Release|x86.Build.0 = Release|x86
		{2F85CE27-51EE-4288-B7E5-3F7B8FE4CF65}.Release|x86.Deploy.0 = Release|x86
	EndGlobalSection
	GlobalSection(SolutionProperties) = preSolution
		HideSolutionNode = FALSE
	EndGlobalSection
EndGlobal
